
Microsoft Visual Studio Solution File, Format Version 12.00
# Visual Studio 15
VisualStudioVersion = 15.0.28010.2036
MinimumVisualStudioVersion = 10.0.40219.1
Project("{FAE04EC0-301F-11D3-BF4B-00C04F79EFBC}") = "Ex11-Temperature", "Ex11-Temperature\Ex11-Temperature.csproj", "{51BC9D1B-FD3F-4011-B6BD-110D65105091}"
EndProject
Project("{FAE04EC0-301F-11D3-BF4B-00C04F79EFBC}") = "UnitTestProject1", "UnitTestProject1\UnitTestProject1.csproj", "{CA633D7E-C7DB-4005-A61B-4F4F1827F9C2}"
EndProject
Global
	GlobalSection(SolutionConfigurationPlatforms) = preSolution
		Debug|Any CPU = Debug|Any CPU
		Release|Any CPU = Release|Any CPU
	EndGlobalSection
	GlobalSection(ProjectConfigurationPlatforms) = postSolution
		{51BC9D1B-FD3F-4011-B6BD-110D65105091}.Debug|Any CPU.ActiveCfg = Debug|Any CPU
		{51BC9D1B-FD3F-4011-B6BD-110D65105091}.Debug|Any CPU.Build.0 = Debug|Any CPU
		{51BC9D1B-FD3F-4011-B6BD-110D65105091}.Release|Any CPU.ActiveCfg = Release|Any CPU
		{51BC9D1B-FD3F-4011-B6BD-110D65105091}.Release|Any CPU.Build.0 = Release|Any CPU
		{CA633D7E-C7DB-4005-A61B-4F4F1827F9C2}.Debug|Any CPU.ActiveCfg = Debug|Any CPU
		{CA633D7E-C7DB-4005-A61B-4F4F1827F9C2}.Debug|Any CPU.Build.0 = Debug|Any CPU
		{CA633D7E-C7DB-4005-A61B-4F4F1827F9C2}.Release|Any CPU.ActiveCfg = Release|Any CPU
		{CA633D7E-C7DB-4005-A61B-4F4F1827F9C2}.Release|Any CPU.Build.0 = Release|Any CPU
	EndGlobalSection
	GlobalSection(SolutionProperties) = preSolution
		HideSolutionNode = FALSE
	EndGlobalSection
	GlobalSection(ExtensibilityGlobals) = postSolution
		SolutionGuid = {4FED6CB5-BA55-48BE-A2C3-B11F550EC641}
	EndGlobalSection
EndGlobal
